
Microsoft Visual Studio Solution File, Format Version 12.00
# Visual Studio Version 16
VisualStudioVersion = 16.0.30128.74
MinimumVisualStudioVersion = 10.0.40219.1
Project("{FAE04EC0-301F-11D3-BF4B-00C04F79EFBC}") = "Skyline.StaffTracking.Management", "Skyline.StaffTracking.Management\Skyline.StaffTracking.Management.csproj", "{9BFACF9A-3B44-41FF-84DC-7D3E7A862C56}"
EndProject
Global
	GlobalSection(SolutionConfigurationPlatforms) = preSolution
		Debug|Any CPU = Debug|Any CPU
		Release|Any CPU = Release|Any CPU
	EndGlobalSection
	GlobalSection(ProjectConfigurationPlatforms) = postSolution
		{9BFACF9A-3B44-41FF-84DC-7D3E7A862C56}.Debug|Any CPU.ActiveCfg = Debug|Any CPU
		{9BFACF9A-3B44-41FF-84DC-7D3E7A862C56}.Debug|Any CPU.Build.0 = Debug|Any CPU
		{9BFACF9A-3B44-41FF-84DC-7D3E7A862C56}.Release|Any CPU.ActiveCfg = Release|Any CPU
		{9BFACF9A-3B44-41FF-84DC-7D3E7A862C56}.Release|Any CPU.Build.0 = Release|Any CPU
	EndGlobalSection
	GlobalSection(SolutionProperties) = preSolution
		HideSolutionNode = FALSE
	EndGlobalSection
	GlobalSection(ExtensibilityGlobals) = postSolution
		SolutionGuid = {129D6E3A-5046-4218-8803-C040426977E6}
	EndGlobalSection
EndGlobal
